// !$*UTF8*$!
{
	archiveVersion = 1;
	classes = {
	};
	objectVersion = 46;
	objects = {

/* Begin PBXBuildFile section */
		4825D5061C8C702C00036814 /* Enums.swift in Sources */ = {isa = PBXBuildFile; fileRef = 4825D5051C8C702C00036814 /* Enums.swift */; };
		4825D50A1C8C71CA00036814 /* BoardStatus.swift in Sources */ = {isa = PBXBuildFile; fileRef = 4825D5091C8C71CA00036814 /* BoardStatus.swift */; };
		AA0191B91C796F2100A57BA8 /* Rook.swift in Sources */ = {isa = PBXBuildFile; fileRef = AA0191B81C796F2100A57BA8 /* Rook.swift */; };
		AA0191BB1C796F4900A57BA8 /* Knight.swift in Sources */ = {isa = PBXBuildFile; fileRef = AA0191BA1C796F4900A57BA8 /* Knight.swift */; };
		AA0191BD1C796F6500A57BA8 /* Bishop.swift in Sources */ = {isa = PBXBuildFile; fileRef = AA0191BC1C796F6500A57BA8 /* Bishop.swift */; };
		AA0191BF1C796FFA00A57BA8 /* Queen.swift in Sources */ = {isa = PBXBuildFile; fileRef = AA0191BE1C796FFA00A57BA8 /* Queen.swift */; };
		AA0191C11C79700F00A57BA8 /* King.swift in Sources */ = {isa = PBXBuildFile; fileRef = AA0191C01C79700F00A57BA8 /* King.swift */; };
		AA0191C31C79702700A57BA8 /* Pawn.swift in Sources */ = {isa = PBXBuildFile; fileRef = AA0191C21C79702700A57BA8 /* Pawn.swift */; };
		AA101A2E1CA6D5290062534E /* FirstScreenViewController.swift in Sources */ = {isa = PBXBuildFile; fileRef = AA101A2D1CA6D5290062534E /* FirstScreenViewController.swift */; };
		AA157DB51CCA76AA0088C6F6 /* MoveInfo.swift in Sources */ = {isa = PBXBuildFile; fileRef = AA157DB41CCA76AA0088C6F6 /* MoveInfo.swift */; };
		AA17065B1C99A84300B4F9F6 /* PuzzleFactory.swift in Sources */ = {isa = PBXBuildFile; fileRef = AA17065A1C99A84300B4F9F6 /* PuzzleFactory.swift */; };
		AA2352891CD1B37B00C937C5 /* String+Lines.swift in Sources */ = {isa = PBXBuildFile; fileRef = AA2352841CD1B37B00C937C5 /* String+Lines.swift */; };
		AA2EFA571C6A45CE00A9C73C /* FENUtils.swift in Sources */ = {isa = PBXBuildFile; fileRef = AA2EFA561C6A45CE00A9C73C /* FENUtils.swift */; };
		AA3EAD3D1C7376E800668470 /* Square.swift in Sources */ = {isa = PBXBuildFile; fileRef = AA3EAD3C1C7376E800668470 /* Square.swift */; };
		AA3EAD3F1C73780600668470 /* Piece.swift in Sources */ = {isa = PBXBuildFile; fileRef = AA3EAD3E1C73780600668470 /* Piece.swift */; };
		AA5097531C6D85190032A21C /* FENUtilsTests.swift in Sources */ = {isa = PBXBuildFile; fileRef = AA5097521C6D85190032A21C /* FENUtilsTests.swift */; };
		AA5097541C6D87E50032A21C /* FENUtils.swift in Sources */ = {isa = PBXBuildFile; fileRef = AA2EFA561C6A45CE00A9C73C /* FENUtils.swift */; };
		AA52D3D21CF1F7CE00AED6AB /* Theme.swift in Sources */ = {isa = PBXBuildFile; fileRef = AA52D3D11CF1F7CE00AED6AB /* Theme.swift */; };
		AA5FA7F61CB951F900284CC9 /* ELOUtils.swift in Sources */ = {isa = PBXBuildFile; fileRef = AA5FA7F51CB951F900284CC9 /* ELOUtils.swift */; };
		AA683BEC1E08A7870052C758 /* chessData.db in Resources */ = {isa = PBXBuildFile; fileRef = AA683BEB1E08A7870052C758 /* chessData.db */; };
		AA711E591CD247060079B11E /* PopUpViewController.swift in Sources */ = {isa = PBXBuildFile; fileRef = AA711E581CD247060079B11E /* PopUpViewController.swift */; };
		AA83A1A61C722EFF009A4CF7 /* ChessLogicUtils.swift in Sources */ = {isa = PBXBuildFile; fileRef = AA83A1A51C722EFF009A4CF7 /* ChessLogicUtils.swift */; };
		AA85FBDF1C5D01DB0091C2EE /* AppDelegate.swift in Sources */ = {isa = PBXBuildFile; fileRef = AA85FBDE1C5D01DB0091C2EE /* AppDelegate.swift */; };
		AA85FBE11C5D01DB0091C2EE /* ViewController.swift in Sources */ = {isa = PBXBuildFile; fileRef = AA85FBE01C5D01DB0091C2EE /* ViewController.swift */; };
		AA85FBE41C5D01DB0091C2EE /* Main.storyboard in Resources */ = {isa = PBXBuildFile; fileRef = AA85FBE21C5D01DB0091C2EE /* Main.storyboard */; };
		AA85FBE61C5D01DB0091C2EE /* Assets.xcassets in Resources */ = {isa = PBXBuildFile; fileRef = AA85FBE51C5D01DB0091C2EE /* Assets.xcassets */; };
		AA85FBE91C5D01DB0091C2EE /* LaunchScreen.storyboard in Resources */ = {isa = PBXBuildFile; fileRef = AA85FBE71C5D01DB0091C2EE /* LaunchScreen.storyboard */; };
		AA85FBF41C5D01DB0091C2EE /* Professional_Chess_TrainerTests.swift in Sources */ = {isa = PBXBuildFile; fileRef = AA85FBF31C5D01DB0091C2EE /* Professional_Chess_TrainerTests.swift */; };
		AA85FBFF1C5D01DB0091C2EE /* Professional_Chess_TrainerUITests.swift in Sources */ = {isa = PBXBuildFile; fileRef = AA85FBFE1C5D01DB0091C2EE /* Professional_Chess_TrainerUITests.swift */; };
		AA8DBD5F1C813B46005B5E4D /* Puzzle.swift in Sources */ = {isa = PBXBuildFile; fileRef = AA8DBD5E1C813B46005B5E4D /* Puzzle.swift */; };
		AA933CF41CB86A1B000F0697 /* UserData.swift in Sources */ = {isa = PBXBuildFile; fileRef = AA933CF31CB86A1B000F0697 /* UserData.swift */; };
		AA9892C51CA1966100F5F435 /* BoardHistory.swift in Sources */ = {isa = PBXBuildFile; fileRef = AA9892C41CA1966100F5F435 /* BoardHistory.swift */; };
		AAA03C001CEFEFDE001FA27D /* ThemeViewController.swift in Sources */ = {isa = PBXBuildFile; fileRef = AAA03BFF1CEFEFDE001FA27D /* ThemeViewController.swift */; };
		AAAF43FA1C970FC800D78C82 /* GameViewController.swift in Sources */ = {isa = PBXBuildFile; fileRef = AAAF43F91C970FC800D78C82 /* GameViewController.swift */; };
		AAB89F481C5E27690086D22E /* BoardView.swift in Sources */ = {isa = PBXBuildFile; fileRef = AAB89F471C5E27690086D22E /* BoardView.swift */; };
		AABCF7BD1C68EB8800B22AF5 /* Contents.json in Resources */ = {isa = PBXBuildFile; fileRef = AABCF7B91C68EB8800B22AF5 /* Contents.json */; };
		AADC30FC1C8B381A003B0AD4 /* FEN.swift in Sources */ = {isa = PBXBuildFile; fileRef = AADC30FB1C8B381A003B0AD4 /* FEN.swift */; };
		AADC4DD01CAC2C6C009B7B3A /* LogInViewController.swift in Sources */ = {isa = PBXBuildFile; fileRef = AADC4DCF1CAC2C6C009B7B3A /* LogInViewController.swift */; };
		AAE5E09B1CCAF1EB00026FDB /* SoundPlayer.swift in Sources */ = {isa = PBXBuildFile; fileRef = AAE5E09A1CCAF1EB00026FDB /* SoundPlayer.swift */; };
		AAE5E09F1CCAF6BC00026FDB /* Chirp.swift in Sources */ = {isa = PBXBuildFile; fileRef = AAE5E09E1CCAF6BC00026FDB /* Chirp.swift */; };
		AAE5E0AF1CCB6D5B00026FDB /* eat.wav in Resources */ = {isa = PBXBuildFile; fileRef = AAE5E0AD1CCB6D5B00026FDB /* eat.wav */; };
		AAE5E0B31CCB6D6800026FDB /* check.wav in Resources */ = {isa = PBXBuildFile; fileRef = AAE5E0B21CCB6D6800026FDB /* check.wav */; };
		AAE5E0B71CCB6DA800026FDB /* move.wav in Resources */ = {isa = PBXBuildFile; fileRef = AAE5E0B61CCB6DA800026FDB /* move.wav */; };
		AAE5E0B91CCB71BB00026FDB /* invalid.wav in Resources */ = {isa = PBXBuildFile; fileRef = AAE5E0B81CCB71BB00026FDB /* invalid.wav */; };
		AAE5E0BB1CCB71D700026FDB /* correct.wav in Resources */ = {isa = PBXBuildFile; fileRef = AAE5E0BA1CCB71D700026FDB /* correct.wav */; };
		AAEC4E001C9FC8D300AA34A1 /* Move.swift in Sources */ = {isa = PBXBuildFile; fileRef = AAEC4DFF1C9FC8D300AA34A1 /* Move.swift */; };
		AAEC4E061C9FD48400AA34A1 /* PNGUtils.swift in Sources */ = {isa = PBXBuildFile; fileRef = AAEC4E051C9FD48400AA34A1 /* PNGUtils.swift */; };
		AAF021BE1CED6F130086A3D3 /* UIUtils.swift in Sources */ = {isa = PBXBuildFile; fileRef = AAF021BD1CED6F130086A3D3 /* UIUtils.swift */; };
		AAF889171CD438B20085D277 /* AdSupport.framework in Frameworks */ = {isa = PBXBuildFile; fileRef = AAF889161CD438B20085D277 /* AdSupport.framework */; };
		AAF889191CD438CF0085D277 /* AudioToolbox.framework in Frameworks */ = {isa = PBXBuildFile; fileRef = AAF889181CD438CF0085D277 /* AudioToolbox.framework */; };
		AAF8891B1CD438EA0085D277 /* CoreGraphics.framework in Frameworks */ = {isa = PBXBuildFile; fileRef = AAF8891A1CD438EA0085D277 /* CoreGraphics.framework */; };
		AAF8891D1CD438F40085D277 /* CoreMedia.framework in Frameworks */ = {isa = PBXBuildFile; fileRef = AAF8891C1CD438F40085D277 /* CoreMedia.framework */; };
		AAF8891F1CD438FE0085D277 /* CoreTelephony.framework in Frameworks */ = {isa = PBXBuildFile; fileRef = AAF8891E1CD438FE0085D277 /* CoreTelephony.framework */; };
		AAF889211CD439090085D277 /* EventKit.framework in Frameworks */ = {isa = PBXBuildFile; fileRef = AAF889201CD439090085D277 /* EventKit.framework */; };
		AAF889231CD4390E0085D277 /* EventKitUI.framework in Frameworks */ = {isa = PBXBuildFile; fileRef = AAF889221CD4390E0085D277 /* EventKitUI.framework */; };
		AAF889251CD439170085D277 /* MediaPlayer.framework in Frameworks */ = {isa = PBXBuildFile; fileRef = AAF889241CD439170085D277 /* MediaPlayer.framework */; };
		AAF889271CD439210085D277 /* MessageUI.framework in Frameworks */ = {isa = PBXBuildFile; fileRef = AAF889261CD439210085D277 /* MessageUI.framework */; };
		AAF889291CD439290085D277 /* StoreKit.framework in Frameworks */ = {isa = PBXBuildFile; fileRef = AAF889281CD439290085D277 /* StoreKit.framework */; };
		AAF8892B1CD4392F0085D277 /* SystemConfiguration.framework in Frameworks */ = {isa = PBXBuildFile; fileRef = AAF8892A1CD4392F0085D277 /* SystemConfiguration.framework */; };
		AAF8892D1CD43AE70085D277 /* GameKit.framework in Frameworks */ = {isa = PBXBuildFile; fileRef = AAF8892C1CD43AE70085D277 /* GameKit.framework */; };
		AAF8892F1CD43AF00085D277 /* AVFoundation.framework in Frameworks */ = {isa = PBXBuildFile; fileRef = AAF8892E1CD43AF00085D277 /* AVFoundation.framework */; };
		F130E4CF519726C2629F9559 /* Pods_Professional_Chess_Trainer.framework in Frameworks */ = {isa = PBXBuildFile; fileRef = 70B109B685E2337F018F030B /* Pods_Professional_Chess_Trainer.framework */; };
/* End PBXBuildFile section */

/* Begin PBXContainerItemProxy section */
		AA85FBF01C5D01DB0091C2EE /* PBXContainerItemProxy */ = {
			isa = PBXContainerItemProxy;
			containerPortal = AA85FBD31C5D01DB0091C2EE /* Project object */;
			proxyType = 1;
			remoteGlobalIDString = AA85FBDA1C5D01DB0091C2EE;
			remoteInfo = "Professional Chess Trainer";
		};
		AA85FBFB1C5D01DB0091C2EE /* PBXContainerItemProxy */ = {
			isa = PBXContainerItemProxy;
			containerPortal = AA85FBD31C5D01DB0091C2EE /* Project object */;
			proxyType = 1;
			remoteGlobalIDString = AA85FBDA1C5D01DB0091C2EE;
			remoteInfo = "Professional Chess Trainer";
		};
/* End PBXContainerItemProxy section */

/* Begin PBXFileReference section */
		233128C2407F02A5ED65FD4F /* Pods-Professional Chess Trainer.debug.xcconfig */ = {isa = PBXFileReference; includeInIndex = 1; lastKnownFileType = text.xcconfig; name = "Pods-Professional Chess Trainer.debug.xcconfig"; path = "Pods/Target Support Files/Pods-Professional Chess Trainer/Pods-Professional Chess Trainer.debug.xcconfig"; sourceTree = "<group>"; };
		4825D5051C8C702C00036814 /* Enums.swift */ = {isa = PBXFileReference; fileEncoding = 4; lastKnownFileType = sourcecode.swift; path = Enums.swift; sourceTree = "<group>"; };
		4825D5091C8C71CA00036814 /* BoardStatus.swift */ = {isa = PBXFileReference; fileEncoding = 4; lastKnownFileType = sourcecode.swift; path = BoardStatus.swift; sourceTree = "<group>"; };
		6FFF4402043BFB2271E14076 /* Pods.debug.xcconfig */ = {isa = PBXFileReference; includeInIndex = 1; lastKnownFileType = text.xcconfig; name = Pods.debug.xcconfig; path = "Pods/Target Support Files/Pods/Pods.debug.xcconfig"; sourceTree = "<group>"; };
		70B109B685E2337F018F030B /* Pods_Professional_Chess_Trainer.framework */ = {isa = PBXFileReference; explicitFileType = wrapper.framework; includeInIndex = 0; path = Pods_Professional_Chess_Trainer.framework; sourceTree = BUILT_PRODUCTS_DIR; };
		A5409B82D84CA7AE50A7E386 /* Pods.release.xcconfig */ = {isa = PBXFileReference; includeInIndex = 1; lastKnownFileType = text.xcconfig; name = Pods.release.xcconfig; path = "Pods/Target Support Files/Pods/Pods.release.xcconfig"; sourceTree = "<group>"; };
		AA0191B81C796F2100A57BA8 /* Rook.swift */ = {isa = PBXFileReference; fileEncoding = 4; lastKnownFileType = sourcecode.swift; path = Rook.swift; sourceTree = "<group>"; };
		AA0191BA1C796F4900A57BA8 /* Knight.swift */ = {isa = PBXFileReference; fileEncoding = 4; lastKnownFileType = sourcecode.swift; path = Knight.swift; sourceTree = "<group>"; };
		AA0191BC1C796F6500A57BA8 /* Bishop.swift */ = {isa = PBXFileReference; fileEncoding = 4; lastKnownFileType = sourcecode.swift; path = Bishop.swift; sourceTree = "<group>"; };
		AA0191BE1C796FFA00A57BA8 /* Queen.swift */ = {isa = PBXFileReference; fileEncoding = 4; lastKnownFileType = sourcecode.swift; path = Queen.swift; sourceTree = "<group>"; };
		AA0191C01C79700F00A57BA8 /* King.swift */ = {isa = PBXFileReference; fileEncoding = 4; lastKnownFileType = sourcecode.swift; path = King.swift; sourceTree = "<group>"; };
		AA0191C21C79702700A57BA8 /* Pawn.swift */ = {isa = PBXFileReference; fileEncoding = 4; lastKnownFileType = sourcecode.swift; path = Pawn.swift; sourceTree = "<group>"; };
		AA101A2D1CA6D5290062534E /* FirstScreenViewController.swift */ = {isa = PBXFileReference; fileEncoding = 4; lastKnownFileType = sourcecode.swift; name = FirstScreenViewController.swift; path = "Professional Chess Trainer/FirstScreenViewController.swift"; sourceTree = "<group>"; };
		AA157DB41CCA76AA0088C6F6 /* MoveInfo.swift */ = {isa = PBXFileReference; fileEncoding = 4; lastKnownFileType = sourcecode.swift; path = MoveInfo.swift; sourceTree = "<group>"; };
		AA17065A1C99A84300B4F9F6 /* PuzzleFactory.swift */ = {isa = PBXFileReference; fileEncoding = 4; lastKnownFileType = sourcecode.swift; path = PuzzleFactory.swift; sourceTree = "<group>"; };
		AA2352841CD1B37B00C937C5 /* String+Lines.swift */ = {isa = PBXFileReference; fileEncoding = 4; lastKnownFileType = sourcecode.swift; path = "String+Lines.swift"; sourceTree = "<group>"; };
		AA2EFA561C6A45CE00A9C73C /* FENUtils.swift */ = {isa = PBXFileReference; fileEncoding = 4; lastKnownFileType = sourcecode.swift; path = FENUtils.swift; sourceTree = "<group>"; };
		AA3EAD3C1C7376E800668470 /* Square.swift */ = {isa = PBXFileReference; fileEncoding = 4; lastKnownFileType = sourcecode.swift; path = Square.swift; sourceTree = "<group>"; };
		AA3EAD3E1C73780600668470 /* Piece.swift */ = {isa = PBXFileReference; fileEncoding = 4; lastKnownFileType = sourcecode.swift; path = Piece.swift; sourceTree = "<group>"; };
		AA5097521C6D85190032A21C /* FENUtilsTests.swift */ = {isa = PBXFileReference; fileEncoding = 4; lastKnownFileType = sourcecode.swift; path = FENUtilsTests.swift; sourceTree = "<group>"; };
		AA52D3D11CF1F7CE00AED6AB /* Theme.swift */ = {isa = PBXFileReference; fileEncoding = 4; lastKnownFileType = sourcecode.swift; path = Theme.swift; sourceTree = "<group>"; };
		AA5FA7F51CB951F900284CC9 /* ELOUtils.swift */ = {isa = PBXFileReference; fileEncoding = 4; lastKnownFileType = sourcecode.swift; path = ELOUtils.swift; sourceTree = "<group>"; };
		AA683BEB1E08A7870052C758 /* chessData.db */ = {isa = PBXFileReference; lastKnownFileType = file; path = chessData.db; sourceTree = "<group>"; };
		AA683BED1E08A7E40052C758 /* GRDB.framework */ = {isa = PBXFileReference; lastKnownFileType = wrapper.framework; name = GRDB.framework; path = "Pods/../build/Debug-iphoneos/GRDB.swift/GRDB.framework"; sourceTree = "<group>"; };
		AA711E581CD247060079B11E /* PopUpViewController.swift */ = {isa = PBXFileReference; fileEncoding = 4; lastKnownFileType = sourcecode.swift; path = PopUpViewController.swift; sourceTree = "<group>"; };
		AA83A1A51C722EFF009A4CF7 /* ChessLogicUtils.swift */ = {isa = PBXFileReference; fileEncoding = 4; lastKnownFileType = sourcecode.swift; path = ChessLogicUtils.swift; sourceTree = "<group>"; };
		AA85FBDB1C5D01DB0091C2EE /* Professional Chess Trainer.app */ = {isa = PBXFileReference; explicitFileType = wrapper.application; includeInIndex = 0; path = "Professional Chess Trainer.app"; sourceTree = BUILT_PRODUCTS_DIR; };
		AA85FBDE1C5D01DB0091C2EE /* AppDelegate.swift */ = {isa = PBXFileReference; lastKnownFileType = sourcecode.swift; path = AppDelegate.swift; sourceTree = "<group>"; };
		AA85FBE01C5D01DB0091C2EE /* ViewController.swift */ = {isa = PBXFileReference; lastKnownFileType = sourcecode.swift; name = ViewController.swift; path = "Professional Chess Trainer/ViewController.swift"; sourceTree = "<group>"; };
		AA85FBE31C5D01DB0091C2EE /* Base */ = {isa = PBXFileReference; lastKnownFileType = file.storyboard; name = Base; path = Base.lproj/Main.storyboard; sourceTree = "<group>"; };
		AA85FBE51C5D01DB0091C2EE /* Assets.xcassets */ = {isa = PBXFileReference; lastKnownFileType = folder.assetcatalog; path = Assets.xcassets; sourceTree = "<group>"; };
		AA85FBE81C5D01DB0091C2EE /* Base */ = {isa = PBXFileReference; lastKnownFileType = file.storyboard; name = Base; path = Base.lproj/LaunchScreen.storyboard; sourceTree = "<group>"; };
		AA85FBEA1C5D01DB0091C2EE /* Info.plist */ = {isa = PBXFileReference; lastKnownFileType = text.plist.xml; path = Info.plist; sourceTree = "<group>"; };
		AA85FBEF1C5D01DB0091C2EE /* Professional Chess TrainerTests.xctest */ = {isa = PBXFileReference; explicitFileType = wrapper.cfbundle; includeInIndex = 0; path = "Professional Chess TrainerTests.xctest"; sourceTree = BUILT_PRODUCTS_DIR; };
		AA85FBF31C5D01DB0091C2EE /* Professional_Chess_TrainerTests.swift */ = {isa = PBXFileReference; lastKnownFileType = sourcecode.swift; path = Professional_Chess_TrainerTests.swift; sourceTree = "<group>"; };
		AA85FBF51C5D01DB0091C2EE /* Info.plist */ = {isa = PBXFileReference; lastKnownFileType = text.plist.xml; path = Info.plist; sourceTree = "<group>"; };
		AA85FBFA1C5D01DB0091C2EE /* Professional Chess TrainerUITests.xctest */ = {isa = PBXFileReference; explicitFileType = wrapper.cfbundle; includeInIndex = 0; path = "Professional Chess TrainerUITests.xctest"; sourceTree = BUILT_PRODUCTS_DIR; };
		AA85FBFE1C5D01DB0091C2EE /* Professional_Chess_TrainerUITests.swift */ = {isa = PBXFileReference; lastKnownFileType = sourcecode.swift; path = Professional_Chess_TrainerUITests.swift; sourceTree = "<group>"; };
		AA85FC001C5D01DB0091C2EE /* Info.plist */ = {isa = PBXFileReference; lastKnownFileType = text.plist.xml; path = Info.plist; sourceTree = "<group>"; };
		AA8DBD5E1C813B46005B5E4D /* Puzzle.swift */ = {isa = PBXFileReference; fileEncoding = 4; lastKnownFileType = sourcecode.swift; path = Puzzle.swift; sourceTree = "<group>"; };
		AA933CF31CB86A1B000F0697 /* UserData.swift */ = {isa = PBXFileReference; fileEncoding = 4; lastKnownFileType = sourcecode.swift; path = UserData.swift; sourceTree = "<group>"; };
		AA9892C41CA1966100F5F435 /* BoardHistory.swift */ = {isa = PBXFileReference; fileEncoding = 4; lastKnownFileType = sourcecode.swift; path = BoardHistory.swift; sourceTree = "<group>"; };
		AAA03BFF1CEFEFDE001FA27D /* ThemeViewController.swift */ = {isa = PBXFileReference; fileEncoding = 4; lastKnownFileType = sourcecode.swift; path = ThemeViewController.swift; sourceTree = "<group>"; };
		AAAF43F91C970FC800D78C82 /* GameViewController.swift */ = {isa = PBXFileReference; fileEncoding = 4; lastKnownFileType = sourcecode.swift; name = GameViewController.swift; path = "Professional Chess Trainer/GameViewController.swift"; sourceTree = "<group>"; };
		AAB89F471C5E27690086D22E /* BoardView.swift */ = {isa = PBXFileReference; fileEncoding = 4; lastKnownFileType = sourcecode.swift; name = BoardView.swift; path = ../BoardView.swift; sourceTree = "<group>"; };
		AABCF7B91C68EB8800B22AF5 /* Contents.json */ = {isa = PBXFileReference; fileEncoding = 4; lastKnownFileType = text.json; path = Contents.json; sourceTree = "<group>"; };
		AADC30FB1C8B381A003B0AD4 /* FEN.swift */ = {isa = PBXFileReference; fileEncoding = 4; lastKnownFileType = sourcecode.swift; path = FEN.swift; sourceTree = "<group>"; };
		AADC4DCF1CAC2C6C009B7B3A /* LogInViewController.swift */ = {isa = PBXFileReference; fileEncoding = 4; lastKnownFileType = sourcecode.swift; name = LogInViewController.swift; path = "Professional Chess Trainer/LogInViewController.swift"; sourceTree = "<group>"; };
		AAE5E09A1CCAF1EB00026FDB /* SoundPlayer.swift */ = {isa = PBXFileReference; fileEncoding = 4; lastKnownFileType = sourcecode.swift; path = SoundPlayer.swift; sourceTree = "<group>"; };
		AAE5E09E1CCAF6BC00026FDB /* Chirp.swift */ = {isa = PBXFileReference; fileEncoding = 4; lastKnownFileType = sourcecode.swift; path = Chirp.swift; sourceTree = "<group>"; };
		AAE5E0AD1CCB6D5B00026FDB /* eat.wav */ = {isa = PBXFileReference; lastKnownFileType = audio.wav; path = eat.wav; sourceTree = "<group>"; };
		AAE5E0B21CCB6D6800026FDB /* check.wav */ = {isa = PBXFileReference; lastKnownFileType = audio.wav; path = check.wav; sourceTree = "<group>"; };
		AAE5E0B61CCB6DA800026FDB /* move.wav */ = {isa = PBXFileReference; lastKnownFileType = audio.wav; path = move.wav; sourceTree = "<group>"; };
		AAE5E0B81CCB71BB00026FDB /* invalid.wav */ = {isa = PBXFileReference; lastKnownFileType = audio.wav; path = invalid.wav; sourceTree = "<group>"; };
		AAE5E0BA1CCB71D700026FDB /* correct.wav */ = {isa = PBXFileReference; lastKnownFileType = audio.wav; path = correct.wav; sourceTree = "<group>"; };
		AAEC4DFF1C9FC8D300AA34A1 /* Move.swift */ = {isa = PBXFileReference; fileEncoding = 4; lastKnownFileType = sourcecode.swift; path = Move.swift; sourceTree = "<group>"; };
		AAEC4E051C9FD48400AA34A1 /* PNGUtils.swift */ = {isa = PBXFileReference; fileEncoding = 4; lastKnownFileType = sourcecode.swift; path = PNGUtils.swift; sourceTree = "<group>"; };
		AAF021BD1CED6F130086A3D3 /* UIUtils.swift */ = {isa = PBXFileReference; fileEncoding = 4; lastKnownFileType = sourcecode.swift; path = UIUtils.swift; sourceTree = "<group>"; };
		AAF889161CD438B20085D277 /* AdSupport.framework */ = {isa = PBXFileReference; lastKnownFileType = wrapper.framework; name = AdSupport.framework; path = System/Library/Frameworks/AdSupport.framework; sourceTree = SDKROOT; };
		AAF889181CD438CF0085D277 /* AudioToolbox.framework */ = {isa = PBXFileReference; lastKnownFileType = wrapper.framework; name = AudioToolbox.framework; path = System/Library/Frameworks/AudioToolbox.framework; sourceTree = SDKROOT; };
		AAF8891A1CD438EA0085D277 /* CoreGraphics.framework */ = {isa = PBXFileReference; lastKnownFileType = wrapper.framework; name = CoreGraphics.framework; path = System/Library/Frameworks/CoreGraphics.framework; sourceTree = SDKROOT; };
		AAF8891C1CD438F40085D277 /* CoreMedia.framework */ = {isa = PBXFileReference; lastKnownFileType = wrapper.framework; name = CoreMedia.framework; path = System/Library/Frameworks/CoreMedia.framework; sourceTree = SDKROOT; };
		AAF8891E1CD438FE0085D277 /* CoreTelephony.framework */ = {isa = PBXFileReference; lastKnownFileType = wrapper.framework; name = CoreTelephony.framework; path = System/Library/Frameworks/CoreTelephony.framework; sourceTree = SDKROOT; };
		AAF889201CD439090085D277 /* EventKit.framework */ = {isa = PBXFileReference; lastKnownFileType = wrapper.framework; name = EventKit.framework; path = System/Library/Frameworks/EventKit.framework; sourceTree = SDKROOT; };
		AAF889221CD4390E0085D277 /* EventKitUI.framework */ = {isa = PBXFileReference; lastKnownFileType = wrapper.framework; name = EventKitUI.framework; path = System/Library/Frameworks/EventKitUI.framework; sourceTree = SDKROOT; };
		AAF889241CD439170085D277 /* MediaPlayer.framework */ = {isa = PBXFileReference; lastKnownFileType = wrapper.framework; name = MediaPlayer.framework; path = System/Library/Frameworks/MediaPlayer.framework; sourceTree = SDKROOT; };
		AAF889261CD439210085D277 /* MessageUI.framework */ = {isa = PBXFileReference; lastKnownFileType = wrapper.framework; name = MessageUI.framework; path = System/Library/Frameworks/MessageUI.framework; sourceTree = SDKROOT; };
		AAF889281CD439290085D277 /* StoreKit.framework */ = {isa = PBXFileReference; lastKnownFileType = wrapper.framework; name = StoreKit.framework; path = System/Library/Frameworks/StoreKit.framework; sourceTree = SDKROOT; };
		AAF8892A1CD4392F0085D277 /* SystemConfiguration.framework */ = {isa = PBXFileReference; lastKnownFileType = wrapper.framework; name = SystemConfiguration.framework; path = System/Library/Frameworks/SystemConfiguration.framework; sourceTree = SDKROOT; };
		AAF8892C1CD43AE70085D277 /* GameKit.framework */ = {isa = PBXFileReference; lastKnownFileType = wrapper.framework; name = GameKit.framework; path = System/Library/Frameworks/GameKit.framework; sourceTree = SDKROOT; };
		AAF8892E1CD43AF00085D277 /* AVFoundation.framework */ = {isa = PBXFileReference; lastKnownFileType = wrapper.framework; name = AVFoundation.framework; path = System/Library/Frameworks/AVFoundation.framework; sourceTree = SDKROOT; };
		B9891EC9F15C8A018431B427 /* libPods.a */ = {isa = PBXFileReference; explicitFileType = archive.ar; includeInIndex = 0; path = libPods.a; sourceTree = BUILT_PRODUCTS_DIR; };
		E455DC8CDEB40318A9718D28 /* Pods-Professional Chess Trainer.release.xcconfig */ = {isa = PBXFileReference; includeInIndex = 1; lastKnownFileType = text.xcconfig; name = "Pods-Professional Chess Trainer.release.xcconfig"; path = "Pods/Target Support Files/Pods-Professional Chess Trainer/Pods-Professional Chess Trainer.release.xcconfig"; sourceTree = "<group>"; };
/* End PBXFileReference section */

/* Begin PBXFrameworksBuildPhase section */
		AA85FBD81C5D01DB0091C2EE /* Frameworks */ = {
			isa = PBXFrameworksBuildPhase;
			buildActionMask = 2147483647;
			files = (
				AAF8892F1CD43AF00085D277 /* AVFoundation.framework in Frameworks */,
				AAF8892D1CD43AE70085D277 /* GameKit.framework in Frameworks */,
				AAF8892B1CD4392F0085D277 /* SystemConfiguration.framework in Frameworks */,
				AAF889291CD439290085D277 /* StoreKit.framework in Frameworks */,
				AAF889271CD439210085D277 /* MessageUI.framework in Frameworks */,
				AAF889251CD439170085D277 /* MediaPlayer.framework in Frameworks */,
				AAF889231CD4390E0085D277 /* EventKitUI.framework in Frameworks */,
				AAF889211CD439090085D277 /* EventKit.framework in Frameworks */,
				AAF8891F1CD438FE0085D277 /* CoreTelephony.framework in Frameworks */,
				AAF8891D1CD438F40085D277 /* CoreMedia.framework in Frameworks */,
				AAF8891B1CD438EA0085D277 /* CoreGraphics.framework in Frameworks */,
				AAF889191CD438CF0085D277 /* AudioToolbox.framework in Frameworks */,
				AAF889171CD438B20085D277 /* AdSupport.framework in Frameworks */,
				F130E4CF519726C2629F9559 /* Pods_Professional_Chess_Trainer.framework in Frameworks */,
			);
			runOnlyForDeploymentPostprocessing = 0;
		};
		AA85FBEC1C5D01DB0091C2EE /* Frameworks */ = {
			isa = PBXFrameworksBuildPhase;
			buildActionMask = 2147483647;
			files = (
			);
			runOnlyForDeploymentPostprocessing = 0;
		};
		AA85FBF71C5D01DB0091C2EE /* Frameworks */ = {
			isa = PBXFrameworksBuildPhase;
			buildActionMask = 2147483647;
			files = (
			);
			runOnlyForDeploymentPostprocessing = 0;
		};
/* End PBXFrameworksBuildPhase section */

/* Begin PBXGroup section */
		17EA71D336694A12743FE031 /* Pods */ = {
			isa = PBXGroup;
			children = (
				6FFF4402043BFB2271E14076 /* Pods.debug.xcconfig */,
				A5409B82D84CA7AE50A7E386 /* Pods.release.xcconfig */,
				233128C2407F02A5ED65FD4F /* Pods-Professional Chess Trainer.debug.xcconfig */,
				E455DC8CDEB40318A9718D28 /* Pods-Professional Chess Trainer.release.xcconfig */,
			);
			name = Pods;
			sourceTree = "<group>";
		};
		AA0191B71C796EF500A57BA8 /* Chess Pieces */ = {
			isa = PBXGroup;
			children = (
				AA0191B81C796F2100A57BA8 /* Rook.swift */,
				AA0191BA1C796F4900A57BA8 /* Knight.swift */,
				AA0191BC1C796F6500A57BA8 /* Bishop.swift */,
				AA0191BE1C796FFA00A57BA8 /* Queen.swift */,
				AA0191C01C79700F00A57BA8 /* King.swift */,
				AA0191C21C79702700A57BA8 /* Pawn.swift */,
			);
			name = "Chess Pieces";
			sourceTree = "<group>";
		};
		AA85FBD21C5D01DB0091C2EE = {
			isa = PBXGroup;
			children = (
				AA85FBDD1C5D01DB0091C2EE /* Professional Chess Trainer */,
				AA85FBF21C5D01DB0091C2EE /* Professional Chess TrainerTests */,
				AA85FBFD1C5D01DB0091C2EE /* Professional Chess TrainerUITests */,
				AA85FBDC1C5D01DB0091C2EE /* Products */,
				17EA71D336694A12743FE031 /* Pods */,
				E74DBDAC8CA25A62F76BC043 /* Frameworks */,
			);
			sourceTree = "<group>";
		};
		AA85FBDC1C5D01DB0091C2EE /* Products */ = {
			isa = PBXGroup;
			children = (
				AA85FBDB1C5D01DB0091C2EE /* Professional Chess Trainer.app */,
				AA85FBEF1C5D01DB0091C2EE /* Professional Chess TrainerTests.xctest */,
				AA85FBFA1C5D01DB0091C2EE /* Professional Chess TrainerUITests.xctest */,
			);
			name = Products;
			sourceTree = "<group>";
		};
		AA85FBDD1C5D01DB0091C2EE /* Professional Chess Trainer */ = {
			isa = PBXGroup;
			children = (
				AAE5E0BA1CCB71D700026FDB /* correct.wav */,
				AAE5E0B81CCB71BB00026FDB /* invalid.wav */,
				AAE5E0B61CCB6DA800026FDB /* move.wav */,
				AAE5E0B21CCB6D6800026FDB /* check.wav */,
				AAE5E0AD1CCB6D5B00026FDB /* eat.wav */,
				AAAC862F1CAEC79F000D3B43 /* View */,
				AAAC862E1CAEC769000D3B43 /* Utils */,
				AAAC862D1CAEC704000D3B43 /* Model */,
				AABC0E4B1CAAC69900BB4A0F /* Controller */,
				AA85FBDE1C5D01DB0091C2EE /* AppDelegate.swift */,
				AA683BEB1E08A7870052C758 /* chessData.db */,
				AA85FBE51C5D01DB0091C2EE /* Assets.xcassets */,
				AABCF7B91C68EB8800B22AF5 /* Contents.json */,
				AA85FBE71C5D01DB0091C2EE /* LaunchScreen.storyboard */,
				AA85FBEA1C5D01DB0091C2EE /* Info.plist */,
			);
			path = "Professional Chess Trainer";
			sourceTree = "<group>";
		};
		AA85FBF21C5D01DB0091C2EE /* Professional Chess TrainerTests */ = {
			isa = PBXGroup;
			children = (
				AA85FBF31C5D01DB0091C2EE /* Professional_Chess_TrainerTests.swift */,
				AA85FBF51C5D01DB0091C2EE /* Info.plist */,
				AA5097521C6D85190032A21C /* FENUtilsTests.swift */,
			);
			path = "Professional Chess TrainerTests";
			sourceTree = "<group>";
		};
		AA85FBFD1C5D01DB0091C2EE /* Professional Chess TrainerUITests */ = {
			isa = PBXGroup;
			children = (
				AA85FBFE1C5D01DB0091C2EE /* Professional_Chess_TrainerUITests.swift */,
				AA85FC001C5D01DB0091C2EE /* Info.plist */,
			);
			path = "Professional Chess TrainerUITests";
			sourceTree = "<group>";
		};
		AAAC862D1CAEC704000D3B43 /* Model */ = {
			isa = PBXGroup;
			children = (
				4825D5051C8C702C00036814 /* Enums.swift */,
				AA17065A1C99A84300B4F9F6 /* PuzzleFactory.swift */,
				AADC30FB1C8B381A003B0AD4 /* FEN.swift */,
				AA3EAD3C1C7376E800668470 /* Square.swift */,
				AA3EAD3E1C73780600668470 /* Piece.swift */,
				AA8DBD5E1C813B46005B5E4D /* Puzzle.swift */,
				AAEC4DFF1C9FC8D300AA34A1 /* Move.swift */,
				AA9892C41CA1966100F5F435 /* BoardHistory.swift */,
				4825D5091C8C71CA00036814 /* BoardStatus.swift */,
				AA0191B71C796EF500A57BA8 /* Chess Pieces */,
				AA933CF31CB86A1B000F0697 /* UserData.swift */,
				AA157DB41CCA76AA0088C6F6 /* MoveInfo.swift */,
				AA52D3D11CF1F7CE00AED6AB /* Theme.swift */,
			);
			name = Model;
			sourceTree = "<group>";
		};
		AAAC862E1CAEC769000D3B43 /* Utils */ = {
			isa = PBXGroup;
			children = (
				AA2352841CD1B37B00C937C5 /* String+Lines.swift */,
				AA83A1A51C722EFF009A4CF7 /* ChessLogicUtils.swift */,
				AA2EFA561C6A45CE00A9C73C /* FENUtils.swift */,
				AAEC4E051C9FD48400AA34A1 /* PNGUtils.swift */,
				AA5FA7F51CB951F900284CC9 /* ELOUtils.swift */,
				AAE5E09A1CCAF1EB00026FDB /* SoundPlayer.swift */,
				AAE5E09E1CCAF6BC00026FDB /* Chirp.swift */,
				AAF021BD1CED6F130086A3D3 /* UIUtils.swift */,
			);
			name = Utils;
			sourceTree = "<group>";
		};
		AAAC862F1CAEC79F000D3B43 /* View */ = {
			isa = PBXGroup;
			children = (
				AAB89F471C5E27690086D22E /* BoardView.swift */,
				AA85FBE21C5D01DB0091C2EE /* Main.storyboard */,
			);
			name = View;
			sourceTree = "<group>";
		};
		AABC0E4B1CAAC69900BB4A0F /* Controller */ = {
			isa = PBXGroup;
			children = (
				AA101A2D1CA6D5290062534E /* FirstScreenViewController.swift */,
				AAAF43F91C970FC800D78C82 /* GameViewController.swift */,
				AA85FBE01C5D01DB0091C2EE /* ViewController.swift */,
				AADC4DCF1CAC2C6C009B7B3A /* LogInViewController.swift */,
				AA711E581CD247060079B11E /* PopUpViewController.swift */,
				AAA03BFF1CEFEFDE001FA27D /* ThemeViewController.swift */,
			);
			name = Controller;
			path = ..;
			sourceTree = "<group>";
		};
		E74DBDAC8CA25A62F76BC043 /* Frameworks */ = {
			isa = PBXGroup;
			children = (
				AA683BED1E08A7E40052C758 /* GRDB.framework */,
				AAF8892E1CD43AF00085D277 /* AVFoundation.framework */,
				AAF8892C1CD43AE70085D277 /* GameKit.framework */,
				AAF8892A1CD4392F0085D277 /* SystemConfiguration.framework */,
				AAF889281CD439290085D277 /* StoreKit.framework */,
				AAF889261CD439210085D277 /* MessageUI.framework */,
				AAF889241CD439170085D277 /* MediaPlayer.framework */,
				AAF889221CD4390E0085D277 /* EventKitUI.framework */,
				AAF889201CD439090085D277 /* EventKit.framework */,
				AAF8891E1CD438FE0085D277 /* CoreTelephony.framework */,
				AAF8891C1CD438F40085D277 /* CoreMedia.framework */,
				AAF8891A1CD438EA0085D277 /* CoreGraphics.framework */,
				AAF889181CD438CF0085D277 /* AudioToolbox.framework */,
				AAF889161CD438B20085D277 /* AdSupport.framework */,
				B9891EC9F15C8A018431B427 /* libPods.a */,
				70B109B685E2337F018F030B /* Pods_Professional_Chess_Trainer.framework */,
			);
			name = Frameworks;
			sourceTree = "<group>";
		};
/* End PBXGroup section */

/* Begin PBXNativeTarget section */
		AA85FBDA1C5D01DB0091C2EE /* Professional Chess Trainer */ = {
			isa = PBXNativeTarget;
			buildConfigurationList = AA85FC031C5D01DB0091C2EE /* Build configuration list for PBXNativeTarget "Professional Chess Trainer" */;
			buildPhases = (
				FB743F373F6C9C89F22D2833 /* [CP] Check Pods Manifest.lock */,
				AA85FBD71C5D01DB0091C2EE /* Sources */,
				AA85FBD81C5D01DB0091C2EE /* Frameworks */,
				AA85FBD91C5D01DB0091C2EE /* Resources */,
				C358CD6969702CA8AA1E13A4 /* [CP] Embed Pods Frameworks */,
				9BDEFCB7CF6AFDE1E192172F /* [CP] Copy Pods Resources */,
			);
			buildRules = (
			);
			dependencies = (
			);
			name = "Professional Chess Trainer";
			productName = "Professional Chess Trainer";
			productReference = AA85FBDB1C5D01DB0091C2EE /* Professional Chess Trainer.app */;
			productType = "com.apple.product-type.application";
		};
		AA85FBEE1C5D01DB0091C2EE /* Professional Chess TrainerTests */ = {
			isa = PBXNativeTarget;
			buildConfigurationList = AA85FC061C5D01DB0091C2EE /* Build configuration list for PBXNativeTarget "Professional Chess TrainerTests" */;
			buildPhases = (
				AA85FBEB1C5D01DB0091C2EE /* Sources */,
				AA85FBEC1C5D01DB0091C2EE /* Frameworks */,
				AA85FBED1C5D01DB0091C2EE /* Resources */,
			);
			buildRules = (
			);
			dependencies = (
				AA85FBF11C5D01DB0091C2EE /* PBXTargetDependency */,
			);
			name = "Professional Chess TrainerTests";
			productName = "Professional Chess TrainerTests";
			productReference = AA85FBEF1C5D01DB0091C2EE /* Professional Chess TrainerTests.xctest */;
			productType = "com.apple.product-type.bundle.unit-test";
		};
		AA85FBF91C5D01DB0091C2EE /* Professional Chess TrainerUITests */ = {
			isa = PBXNativeTarget;
			buildConfigurationList = AA85FC091C5D01DB0091C2EE /* Build configuration list for PBXNativeTarget "Professional Chess TrainerUITests" */;
			buildPhases = (
				AA85FBF61C5D01DB0091C2EE /* Sources */,
				AA85FBF71C5D01DB0091C2EE /* Frameworks */,
				AA85FBF81C5D01DB0091C2EE /* Resources */,
			);
			buildRules = (
			);
			dependencies = (
				AA85FBFC1C5D01DB0091C2EE /* PBXTargetDependency */,
			);
			name = "Professional Chess TrainerUITests";
			productName = "Professional Chess TrainerUITests";
			productReference = AA85FBFA1C5D01DB0091C2EE /* Professional Chess TrainerUITests.xctest */;
			productType = "com.apple.product-type.bundle.ui-testing";
		};
/* End PBXNativeTarget section */

/* Begin PBXProject section */
		AA85FBD31C5D01DB0091C2EE /* Project object */ = {
			isa = PBXProject;
			attributes = {
				LastSwiftUpdateCheck = 0720;
				LastUpgradeCheck = 0820;
				ORGANIZATIONNAME = InspireOn;
				TargetAttributes = {
					AA85FBDA1C5D01DB0091C2EE = {
						CreatedOnToolsVersion = 7.2;
						DevelopmentTeam = 6949SC4Q8Q;
						LastSwiftMigration = 0810;
					};
					AA85FBEE1C5D01DB0091C2EE = {
						CreatedOnToolsVersion = 7.2;
						DevelopmentTeam = 6949SC4Q8Q;
						LastSwiftMigration = 0810;
						TestTargetID = AA85FBDA1C5D01DB0091C2EE;
					};
					AA85FBF91C5D01DB0091C2EE = {
						CreatedOnToolsVersion = 7.2;
						DevelopmentTeam = 6949SC4Q8Q;
						LastSwiftMigration = 0810;
						TestTargetID = AA85FBDA1C5D01DB0091C2EE;
					};
				};
			};
			buildConfigurationList = AA85FBD61C5D01DB0091C2EE /* Build configuration list for PBXProject "Professional Chess Trainer" */;
			compatibilityVersion = "Xcode 3.2";
			developmentRegion = English;
			hasScannedForEncodings = 0;
			knownRegions = (
				en,
				Base,
			);
			mainGroup = AA85FBD21C5D01DB0091C2EE;
			productRefGroup = AA85FBDC1C5D01DB0091C2EE /* Products */;
			projectDirPath = "";
			projectRoot = "";
			targets = (
				AA85FBDA1C5D01DB0091C2EE /* Professional Chess Trainer */,
				AA85FBEE1C5D01DB0091C2EE /* Professional Chess TrainerTests */,
				AA85FBF91C5D01DB0091C2EE /* Professional Chess TrainerUITests */,
			);
		};
/* End PBXProject section */

/* Begin PBXResourcesBuildPhase section */
		AA85FBD91C5D01DB0091C2EE /* Resources */ = {
			isa = PBXResourcesBuildPhase;
			buildActionMask = 2147483647;
			files = (
				AA683BEC1E08A7870052C758 /* chessData.db in Resources */,
				AABCF7BD1C68EB8800B22AF5 /* Contents.json in Resources */,
				AA85FBE91C5D01DB0091C2EE /* LaunchScreen.storyboard in Resources */,
				AAE5E0B31CCB6D6800026FDB /* check.wav in Resources */,
				AAE5E0BB1CCB71D700026FDB /* correct.wav in Resources */,
				AAE5E0AF1CCB6D5B00026FDB /* eat.wav in Resources */,
				AAE5E0B91CCB71BB00026FDB /* invalid.wav in Resources */,
				AAE5E0B71CCB6DA800026FDB /* move.wav in Resources */,
				AA85FBE61C5D01DB0091C2EE /* Assets.xcassets in Resources */,
				AA85FBE41C5D01DB0091C2EE /* Main.storyboard in Resources */,
			);
			runOnlyForDeploymentPostprocessing = 0;
		};
		AA85FBED1C5D01DB0091C2EE /* Resources */ = {
			isa = PBXResourcesBuildPhase;
			buildActionMask = 2147483647;
			files = (
			);
			runOnlyForDeploymentPostprocessing = 0;
		};
		AA85FBF81C5D01DB0091C2EE /* Resources */ = {
			isa = PBXResourcesBuildPhase;
			buildActionMask = 2147483647;
			files = (
			);
			runOnlyForDeploymentPostprocessing = 0;
		};
/* End PBXResourcesBuildPhase section */

/* Begin PBXShellScriptBuildPhase section */
		9BDEFCB7CF6AFDE1E192172F /* [CP] Copy Pods Resources */ = {
			isa = PBXShellScriptBuildPhase;
			buildActionMask = 2147483647;
			files = (
			);
			inputPaths = (
			);
			name = "[CP] Copy Pods Resources";
			outputPaths = (
			);
			runOnlyForDeploymentPostprocessing = 0;
			shellPath = /bin/sh;
			shellScript = "\"${SRCROOT}/Pods/Target Support Files/Pods-Professional Chess Trainer/Pods-Professional Chess Trainer-resources.sh\"\n";
			showEnvVarsInLog = 0;
		};
		C358CD6969702CA8AA1E13A4 /* [CP] Embed Pods Frameworks */ = {
			isa = PBXShellScriptBuildPhase;
			buildActionMask = 2147483647;
			files = (
			);
			inputPaths = (
			);
			name = "[CP] Embed Pods Frameworks";
			outputPaths = (
			);
			runOnlyForDeploymentPostprocessing = 0;
			shellPath = /bin/sh;
			shellScript = "\"${SRCROOT}/Pods/Target Support Files/Pods-Professional Chess Trainer/Pods-Professional Chess Trainer-frameworks.sh\"\n";
			showEnvVarsInLog = 0;
		};
		FB743F373F6C9C89F22D2833 /* [CP] Check Pods Manifest.lock */ = {
			isa = PBXShellScriptBuildPhase;
			buildActionMask = 2147483647;
			files = (
			);
			inputPaths = (
			);
			name = "[CP] Check Pods Manifest.lock";
			outputPaths = (
			);
			runOnlyForDeploymentPostprocessing = 0;
			shellPath = /bin/sh;
			shellScript = "diff \"${PODS_ROOT}/../Podfile.lock\" \"${PODS_ROOT}/Manifest.lock\" > /dev/null\nif [ $? != 0 ] ; then\n    # print error to STDERR\n    echo \"error: The sandbox is not in sync with the Podfile.lock. Run 'pod install' or update your CocoaPods installation.\" >&2\n    exit 1\nfi\n";
			showEnvVarsInLog = 0;
		};
/* End PBXShellScriptBuildPhase section */

/* Begin PBXSourcesBuildPhase section */
		AA85FBD71C5D01DB0091C2EE /* Sources */ = {
			isa = PBXSourcesBuildPhase;
			buildActionMask = 2147483647;
			files = (
				AAEC4E001C9FC8D300AA34A1 /* Move.swift in Sources */,
				AA0191B91C796F2100A57BA8 /* Rook.swift in Sources */,
				AAEC4E061C9FD48400AA34A1 /* PNGUtils.swift in Sources */,
				AA933CF41CB86A1B000F0697 /* UserData.swift in Sources */,
				AA8DBD5F1C813B46005B5E4D /* Puzzle.swift in Sources */,
				AA17065B1C99A84300B4F9F6 /* PuzzleFactory.swift in Sources */,
				AA711E591CD247060079B11E /* PopUpViewController.swift in Sources */,
				AA3EAD3D1C7376E800668470 /* Square.swift in Sources */,
				AA157DB51CCA76AA0088C6F6 /* MoveInfo.swift in Sources */,
				AA0191C11C79700F00A57BA8 /* King.swift in Sources */,
				AAE5E09F1CCAF6BC00026FDB /* Chirp.swift in Sources */,
				AAF021BE1CED6F130086A3D3 /* UIUtils.swift in Sources */,
				AAAF43FA1C970FC800D78C82 /* GameViewController.swift in Sources */,
				AA101A2E1CA6D5290062534E /* FirstScreenViewController.swift in Sources */,
				AA3EAD3F1C73780600668470 /* Piece.swift in Sources */,
				AA0191BF1C796FFA00A57BA8 /* Queen.swift in Sources */,
				AAB89F481C5E27690086D22E /* BoardView.swift in Sources */,
				AA9892C51CA1966100F5F435 /* BoardHistory.swift in Sources */,
				AA5FA7F61CB951F900284CC9 /* ELOUtils.swift in Sources */,
				4825D50A1C8C71CA00036814 /* BoardStatus.swift in Sources */,
				AA0191BB1C796F4900A57BA8 /* Knight.swift in Sources */,
				AADC30FC1C8B381A003B0AD4 /* FEN.swift in Sources */,
				AA85FBE11C5D01DB0091C2EE /* ViewController.swift in Sources */,
				AA0191BD1C796F6500A57BA8 /* Bishop.swift in Sources */,
				AA85FBDF1C5D01DB0091C2EE /* AppDelegate.swift in Sources */,
				AAE5E09B1CCAF1EB00026FDB /* SoundPlayer.swift in Sources */,
				AA52D3D21CF1F7CE00AED6AB /* Theme.swift in Sources */,
				AA2EFA571C6A45CE00A9C73C /* FENUtils.swift in Sources */,
				AADC4DD01CAC2C6C009B7B3A /* LogInViewController.swift in Sources */,
				AAA03C001CEFEFDE001FA27D /* ThemeViewController.swift in Sources */,
				AA0191C31C79702700A57BA8 /* Pawn.swift in Sources */,
				4825D5061C8C702C00036814 /* Enums.swift in Sources */,
				AA83A1A61C722EFF009A4CF7 /* ChessLogicUtils.swift in Sources */,
				AA2352891CD1B37B00C937C5 /* String+Lines.swift in Sources */,
			);
			runOnlyForDeploymentPostprocessing = 0;
		};
		AA85FBEB1C5D01DB0091C2EE /* Sources */ = {
			isa = PBXSourcesBuildPhase;
			buildActionMask = 2147483647;
			files = (
				AA85FBF41C5D01DB0091C2EE /* Professional_Chess_TrainerTests.swift in Sources */,
				AA5097541C6D87E50032A21C /* FENUtils.swift in Sources */,
				AA5097531C6D85190032A21C /* FENUtilsTests.swift in Sources */,
			);
			runOnlyForDeploymentPostprocessing = 0;
		};
		AA85FBF61C5D01DB0091C2EE /* Sources */ = {
			isa = PBXSourcesBuildPhase;
			buildActionMask = 2147483647;
			files = (
				AA85FBFF1C5D01DB0091C2EE /* Professional_Chess_TrainerUITests.swift in Sources */,
			);
			runOnlyForDeploymentPostprocessing = 0;
		};
/* End PBXSourcesBuildPhase section */

/* Begin PBXTargetDependency section */
		AA85FBF11C5D01DB0091C2EE /* PBXTargetDependency */ = {
			isa = PBXTargetDependency;
			target = AA85FBDA1C5D01DB0091C2EE /* Professional Chess Trainer */;
			targetProxy = AA85FBF01C5D01DB0091C2EE /* PBXContainerItemProxy */;
		};
		AA85FBFC1C5D01DB0091C2EE /* PBXTargetDependency */ = {
			isa = PBXTargetDependency;
			target = AA85FBDA1C5D01DB0091C2EE /* Professional Chess Trainer */;
			targetProxy = AA85FBFB1C5D01DB0091C2EE /* PBXContainerItemProxy */;
		};
/* End PBXTargetDependency section */

/* Begin PBXVariantGroup section */
		AA85FBE21C5D01DB0091C2EE /* Main.storyboard */ = {
			isa = PBXVariantGroup;
			children = (
				AA85FBE31C5D01DB0091C2EE /* Base */,
			);
			name = Main.storyboard;
			sourceTree = "<group>";
		};
		AA85FBE71C5D01DB0091C2EE /* LaunchScreen.storyboard */ = {
			isa = PBXVariantGroup;
			children = (
				AA85FBE81C5D01DB0091C2EE /* Base */,
			);
			name = LaunchScreen.storyboard;
			sourceTree = "<group>";
		};
/* End PBXVariantGroup section */

/* Begin XCBuildConfiguration section */
		AA85FC011C5D01DB0091C2EE /* Debug */ = {
			isa = XCBuildConfiguration;
			buildSettings = {
				ALWAYS_SEARCH_USER_PATHS = NO;
				CLANG_CXX_LANGUAGE_STANDARD = "gnu++0x";
				CLANG_CXX_LIBRARY = "libc++";
				CLANG_ENABLE_MODULES = YES;
				CLANG_ENABLE_OBJC_ARC = YES;
				CLANG_WARN_BOOL_CONVERSION = YES;
				CLANG_WARN_CONSTANT_CONVERSION = YES;
				CLANG_WARN_DIRECT_OBJC_ISA_USAGE = YES_ERROR;
				CLANG_WARN_EMPTY_BODY = YES;
				CLANG_WARN_ENUM_CONVERSION = YES;
				CLANG_WARN_INFINITE_RECURSION = YES;
				CLANG_WARN_INT_CONVERSION = YES;
				CLANG_WARN_OBJC_ROOT_CLASS = YES_ERROR;
				CLANG_WARN_SUSPICIOUS_MOVE = YES;
				CLANG_WARN_UNREACHABLE_CODE = YES;
				CLANG_WARN__DUPLICATE_METHOD_MATCH = YES;
				"CODE_SIGN_IDENTITY[sdk=iphoneos*]" = "iPhone Developer";
				COPY_PHASE_STRIP = NO;
				DEBUG_INFORMATION_FORMAT = dwarf;
				ENABLE_STRICT_OBJC_MSGSEND = YES;
				ENABLE_TESTABILITY = YES;
				GCC_C_LANGUAGE_STANDARD = gnu99;
				GCC_DYNAMIC_NO_PIC = NO;
				GCC_NO_COMMON_BLOCKS = YES;
				GCC_OPTIMIZATION_LEVEL = 0;
				GCC_PREPROCESSOR_DEFINITIONS = (
					"DEBUG=1",
					"$(inherited)",
				);
				GCC_WARN_64_TO_32_BIT_CONVERSION = YES;
				GCC_WARN_ABOUT_RETURN_TYPE = YES_ERROR;
				GCC_WARN_UNDECLARED_SELECTOR = YES;
				GCC_WARN_UNINITIALIZED_AUTOS = YES_AGGRESSIVE;
				GCC_WARN_UNUSED_FUNCTION = YES;
				GCC_WARN_UNUSED_VARIABLE = YES;
				IPHONEOS_DEPLOYMENT_TARGET = 9.2;
				MTL_ENABLE_DEBUG_INFO = YES;
				ONLY_ACTIVE_ARCH = YES;
				SDKROOT = iphoneos;
				SWIFT_OPTIMIZATION_LEVEL = "-Onone";
				TARGETED_DEVICE_FAMILY = "1,2";
			};
			name = Debug;
		};
		AA85FC021C5D01DB0091C2EE /* Release */ = {
			isa = XCBuildConfiguration;
			buildSettings = {
				ALWAYS_SEARCH_USER_PATHS = NO;
				CLANG_CXX_LANGUAGE_STANDARD = "gnu++0x";
				CLANG_CXX_LIBRARY = "libc++";
				CLANG_ENABLE_MODULES = YES;
				CLANG_ENABLE_OBJC_ARC = YES;
				CLANG_WARN_BOOL_CONVERSION = YES;
				CLANG_WARN_CONSTANT_CONVERSION = YES;
				CLANG_WARN_DIRECT_OBJC_ISA_USAGE = YES_ERROR;
				CLANG_WARN_EMPTY_BODY = YES;
				CLANG_WARN_ENUM_CONVERSION = YES;
				CLANG_WARN_INFINITE_RECURSION = YES;
				CLANG_WARN_INT_CONVERSION = YES;
				CLANG_WARN_OBJC_ROOT_CLASS = YES_ERROR;
				CLANG_WARN_SUSPICIOUS_MOVE = YES;
				CLANG_WARN_UNREACHABLE_CODE = YES;
				CLANG_WARN__DUPLICATE_METHOD_MATCH = YES;
				"CODE_SIGN_IDENTITY[sdk=iphoneos*]" = "iPhone Developer";
				COPY_PHASE_STRIP = NO;
				DEBUG_INFORMATION_FORMAT = "dwarf-with-dsym";
				ENABLE_NS_ASSERTIONS = NO;
				ENABLE_STRICT_OBJC_MSGSEND = YES;
				GCC_C_LANGUAGE_STANDARD = gnu99;
				GCC_NO_COMMON_BLOCKS = YES;
				GCC_WARN_64_TO_32_BIT_CONVERSION = YES;
				GCC_WARN_ABOUT_RETURN_TYPE = YES_ERROR;
				GCC_WARN_UNDECLARED_SELECTOR = YES;
				GCC_WARN_UNINITIALIZED_AUTOS = YES_AGGRESSIVE;
				GCC_WARN_UNUSED_FUNCTION = YES;
				GCC_WARN_UNUSED_VARIABLE = YES;
				IPHONEOS_DEPLOYMENT_TARGET = 9.2;
				MTL_ENABLE_DEBUG_INFO = NO;
				SDKROOT = iphoneos;
				SWIFT_OPTIMIZATION_LEVEL = "-Owholemodule";
				TARGETED_DEVICE_FAMILY = "1,2";
				VALIDATE_PRODUCT = YES;
			};
			name = Release;
		};
		AA85FC041C5D01DB0091C2EE /* Debug */ = {
			isa = XCBuildConfiguration;
			baseConfigurationReference = 233128C2407F02A5ED65FD4F /* Pods-Professional Chess Trainer.debug.xcconfig */;
			buildSettings = {
				ALWAYS_EMBED_SWIFT_STANDARD_LIBRARIES = YES;
				ASSETCATALOG_COMPILER_APPICON_NAME = AppIcon;
				CODE_SIGN_IDENTITY = "iPhone Developer";
				"CODE_SIGN_IDENTITY[sdk=iphoneos*]" = "iPhone Developer";
				FRAMEWORK_SEARCH_PATHS = (
					"$(inherited)",
					"$(PROJECT_DIR)/build/Debug-iphoneos/GRDB.swift/**",
				);
				INFOPLIST_FILE = "Professional Chess Trainer/Info.plist";
				LD_RUNPATH_SEARCH_PATHS = "$(inherited) @executable_path/Frameworks";
				PRODUCT_BUNDLE_IDENTIFIER = "com.inspireon.demo.Professional-Chess-Trainer";
				PRODUCT_NAME = "$(TARGET_NAME)";
				PROVISIONING_PROFILE = "";
				SWIFT_VERSION = 3.0;
			};
			name = Debug;
		};
		AA85FC051C5D01DB0091C2EE /* Release */ = {
			isa = XCBuildConfiguration;
			baseConfigurationReference = E455DC8CDEB40318A9718D28 /* Pods-Professional Chess Trainer.release.xcconfig */;
			buildSettings = {
				ALWAYS_EMBED_SWIFT_STANDARD_LIBRARIES = YES;
				ASSETCATALOG_COMPILER_APPICON_NAME = AppIcon;
				CODE_SIGN_IDENTITY = "iPhone Developer";
				"CODE_SIGN_IDENTITY[sdk=iphoneos*]" = "iPhone Developer";
				FRAMEWORK_SEARCH_PATHS = (
					"$(inherited)",
					"$(PROJECT_DIR)/build/Debug-iphoneos/GRDB.swift/**",
				);
				INFOPLIST_FILE = "Professional Chess Trainer/Info.plist";
				LD_RUNPATH_SEARCH_PATHS = "$(inherited) @executable_path/Frameworks";
				PRODUCT_BUNDLE_IDENTIFIER = "com.inspireon.demo.Professional-Chess-Trainer";
				PRODUCT_NAME = "$(TARGET_NAME)";
				PROVISIONING_PROFILE = "";
				SWIFT_VERSION = 3.0;
			};
			name = Release;
		};
		AA85FC071C5D01DB0091C2EE /* Debug */ = {
			isa = XCBuildConfiguration;
			buildSettings = {
				BUNDLE_LOADER = "$(TEST_HOST)";
				INFOPLIST_FILE = "Professional Chess TrainerTests/Info.plist";
				LD_RUNPATH_SEARCH_PATHS = "$(inherited) @executable_path/Frameworks @loader_path/Frameworks";
				PRODUCT_BUNDLE_IDENTIFIER = "com.inspireon.demo.Professional-Chess-TrainerTests";
				PRODUCT_NAME = "$(TARGET_NAME)";
				SWIFT_VERSION = 3.0;
				TEST_HOST = "$(BUILT_PRODUCTS_DIR)/Professional Chess Trainer.app/Professional Chess Trainer";
			};
			name = Debug;
		};
		AA85FC081C5D01DB0091C2EE /* Release */ = {
			isa = XCBuildConfiguration;
			buildSettings = {
				BUNDLE_LOADER = "$(TEST_HOST)";
				INFOPLIST_FILE = "Professional Chess TrainerTests/Info.plist";
				LD_RUNPATH_SEARCH_PATHS = "$(inherited) @executable_path/Frameworks @loader_path/Frameworks";
				PRODUCT_BUNDLE_IDENTIFIER = "com.inspireon.demo.Professional-Chess-TrainerTests";
				PRODUCT_NAME = "$(TARGET_NAME)";
				SWIFT_VERSION = 3.0;
				TEST_HOST = "$(BUILT_PRODUCTS_DIR)/Professional Chess Trainer.app/Professional Chess Trainer";
			};
			name = Release;
		};
		AA85FC0A1C5D01DB0091C2EE /* Debug */ = {
			isa = XCBuildConfiguration;
			buildSettings = {
				INFOPLIST_FILE = "Professional Chess TrainerUITests/Info.plist";
				LD_RUNPATH_SEARCH_PATHS = "$(inherited) @executable_path/Frameworks @loader_path/Frameworks";
				PRODUCT_BUNDLE_IDENTIFIER = "com.inspireon.demo.Professional-Chess-TrainerUITests";
				PRODUCT_NAME = "$(TARGET_NAME)";
				SWIFT_VERSION = 3.0;
				TEST_TARGET_NAME = "Professional Chess Trainer";
				USES_XCTRUNNER = YES;
			};
			name = Debug;
		};
		AA85FC0B1C5D01DB0091C2EE /* Release */ = {
			isa = XCBuildConfiguration;
			buildSettings = {
				INFOPLIST_FILE = "Professional Chess TrainerUITests/Info.plist";
				LD_RUNPATH_SEARCH_PATHS = "$(inherited) @executable_path/Frameworks @loader_path/Frameworks";
				PRODUCT_BUNDLE_IDENTIFIER = "com.inspireon.demo.Professional-Chess-TrainerUITests";
				PRODUCT_NAME = "$(TARGET_NAME)";
				SWIFT_VERSION = 3.0;
				TEST_TARGET_NAME = "Professional Chess Trainer";
				USES_XCTRUNNER = YES;
			};
			name = Release;
		};
/* End XCBuildConfiguration section */

/* Begin XCConfigurationList section */
		AA85FBD61C5D01DB0091C2EE /* Build configuration list for PBXProject "Professional Chess Trainer" */ = {
			isa = XCConfigurationList;
			buildConfigurations = (
				AA85FC011C5D01DB0091C2EE /* Debug */,
				AA85FC021C5D01DB0091C2EE /* Release */,
			);
			defaultConfigurationIsVisible = 0;
			defaultConfigurationName = Release;
		};
		AA85FC031C5D01DB0091C2EE /* Build configuration list for PBXNativeTarget "Professional Chess Trainer" */ = {
			isa = XCConfigurationList;
			buildConfigurations = (
				AA85FC041C5D01DB0091C2EE /* Debug */,
				AA85FC051C5D01DB0091C2EE /* Release */,
			);
			defaultConfigurationIsVisible = 0;
			defaultConfigurationName = Release;
		};
		AA85FC061C5D01DB0091C2EE /* Build configuration list for PBXNativeTarget "Professional Chess TrainerTests" */ = {
			isa = XCConfigurationList;
			buildConfigurations = (
				AA85FC071C5D01DB0091C2EE /* Debug */,
				AA85FC081C5D01DB0091C2EE /* Release */,
			);
			defaultConfigurationIsVisible = 0;
			defaultConfigurationName = Release;
		};
		AA85FC091C5D01DB0091C2EE /* Build configuration list for PBXNativeTarget "Professional Chess TrainerUITests" */ = {
			isa = XCConfigurationList;
			buildConfigurations = (
				AA85FC0A1C5D01DB0091C2EE /* Debug */,
				AA85FC0B1C5D01DB0091C2EE /* Release */,
			);
			defaultConfigurationIsVisible = 0;
			defaultConfigurationName = Release;
		};
/* End XCConfigurationList section */
	};
	rootObject = AA85FBD31C5D01DB0091C2EE /* Project object */;
}
